
Microsoft Visual Studio Solution File, Format Version 12.00
# Visual Studio 14
VisualStudioVersion = 14.0.24720.0
MinimumVisualStudioVersion = 10.0.40219.1
Project("{FAE04EC0-301F-11D3-BF4B-00C04F79EFBC}") = "WishListApp", "WishList\WishListApp.csproj", "{67D31309-D1D4-4095-AF04-756FA927F64C}"
EndProject
Project("{FAE04EC0-301F-11D3-BF4B-00C04F79EFBC}") = "Domain", "Domain\Domain.csproj", "{10C56641-159F-4785-B08A-80D894B18B3E}"
EndProject
Global
	GlobalSection(SolutionConfigurationPlatforms) = preSolution
		Debug|Any CPU = Debug|Any CPU
		Release|Any CPU = Release|Any CPU
	EndGlobalSection
	GlobalSection(ProjectConfigurationPlatforms) = postSolution
		{67D31309-D1D4-4095-AF04-756FA927F64C}.Debug|Any CPU.ActiveCfg = Debug|Any CPU
		{67D31309-D1D4-4095-AF04-756FA927F64C}.Debug|Any CPU.Build.0 = Debug|Any CPU
		{67D31309-D1D4-4095-AF04-756FA927F64C}.Release|Any CPU.ActiveCfg = Release|Any CPU
		{67D31309-D1D4-4095-AF04-756FA927F64C}.Release|Any CPU.Build.0 = Release|Any CPU
		{10C56641-159F-4785-B08A-80D894B18B3E}.Debug|Any CPU.ActiveCfg = Debug|Any CPU
		{10C56641-159F-4785-B08A-80D894B18B3E}.Debug|Any CPU.Build.0 = Debug|Any CPU
		{10C56641-159F-4785-B08A-80D894B18B3E}.Release|Any CPU.ActiveCfg = Release|Any CPU
		{10C56641-159F-4785-B08A-80D894B18B3E}.Release|Any CPU.Build.0 = Release|Any CPU
	EndGlobalSection
	GlobalSection(SolutionProperties) = preSolution
		HideSolutionNode = FALSE
	EndGlobalSection
EndGlobal
